
Microsoft Visual Studio Solution File, Format Version 12.00
# Visual Studio 15
Project("{FAE04EC0-301F-11D3-BF4B-00C04F79EFBC}") = "DstaStructuresAndAlgorithm_", "DstaStructuresAndAlgorithm_\DstaStructuresAndAlgorithm_.csproj", "{E0B5F08D-FBE3-42B5-B6AE-40AF05DD4099}"
EndProject
Project("{FAE04EC0-301F-11D3-BF4B-00C04F79EFBC}") = "Algorithm", "Algorithm\Algorithm.csproj", "{E104AAD9-162B-4B62-A6ED-D303B46D1108}"
EndProject
Project("{2150E333-8FDC-42A3-9474-1A3956D46DE8}") = "Solution Items", "Solution Items", "{56DD2F26-38ED-4CC9-9E55-CB97C5B9EC10}"
	ProjectSection(SolutionItems) = preProject
		课程作业.md = 课程作业.md
	EndProjectSection
EndProject
Project("{FAE04EC0-301F-11D3-BF4B-00C04F79EFBC}") = "Properties", "Properties\Properties.csproj", "{AA076DE5-FE6C-4B02-B724-02245FE791BB}"
EndProject
Project("{FAE04EC0-301F-11D3-BF4B-00C04F79EFBC}") = "PlayingCards", "PlayingCards\PlayingCards.csproj", "{7EF0E079-ADF3-48F2-9F11-011D3A0C4208}"
EndProject
Project("{FAE04EC0-301F-11D3-BF4B-00C04F79EFBC}") = "字符分割", "字符分割\字符分割.csproj", "{AD2F375A-9EB4-40F0-90F5-189740277D5A}"
EndProject
Global
	GlobalSection(SolutionConfigurationPlatforms) = preSolution
		Debug|anycpu = Debug|anycpu
		Release|anycpu = Release|anycpu
	EndGlobalSection
	GlobalSection(ProjectConfigurationPlatforms) = postSolution
		{E0B5F08D-FBE3-42B5-B6AE-40AF05DD4099}.Debug|anycpu.ActiveCfg = Debug|anycpu
		{E0B5F08D-FBE3-42B5-B6AE-40AF05DD4099}.Debug|anycpu.Build.0 = Debug|anycpu
		{E0B5F08D-FBE3-42B5-B6AE-40AF05DD4099}.Release|anycpu.ActiveCfg = Release|anycpu
		{E0B5F08D-FBE3-42B5-B6AE-40AF05DD4099}.Release|anycpu.Build.0 = Release|anycpu
		{E104AAD9-162B-4B62-A6ED-D303B46D1108}.Debug|anycpu.ActiveCfg = Debug|anycpu
		{E104AAD9-162B-4B62-A6ED-D303B46D1108}.Debug|anycpu.Build.0 = Debug|anycpu
		{E104AAD9-162B-4B62-A6ED-D303B46D1108}.Release|anycpu.ActiveCfg = Release|anycpu
		{E104AAD9-162B-4B62-A6ED-D303B46D1108}.Release|anycpu.Build.0 = Release|anycpu
		{AA076DE5-FE6C-4B02-B724-02245FE791BB}.Debug|anycpu.ActiveCfg = Debug|anycpu
		{AA076DE5-FE6C-4B02-B724-02245FE791BB}.Debug|anycpu.Build.0 = Debug|anycpu
		{AA076DE5-FE6C-4B02-B724-02245FE791BB}.Release|anycpu.ActiveCfg = Release|anycpu
		{AA076DE5-FE6C-4B02-B724-02245FE791BB}.Release|anycpu.Build.0 = Release|anycpu
		{7EF0E079-ADF3-48F2-9F11-011D3A0C4208}.Debug|anycpu.ActiveCfg = Debug|anycpu
		{7EF0E079-ADF3-48F2-9F11-011D3A0C4208}.Debug|anycpu.Build.0 = Debug|anycpu
		{7EF0E079-ADF3-48F2-9F11-011D3A0C4208}.Release|anycpu.ActiveCfg = Release|anycpu
		{7EF0E079-ADF3-48F2-9F11-011D3A0C4208}.Release|anycpu.Build.0 = Release|anycpu
		{AD2F375A-9EB4-40F0-90F5-189740277D5A}.Debug|anycpu.ActiveCfg = Debug|anycpu
		{AD2F375A-9EB4-40F0-90F5-189740277D5A}.Debug|anycpu.Build.0 = Debug|anycpu
		{AD2F375A-9EB4-40F0-90F5-189740277D5A}.Release|anycpu.ActiveCfg = Release|anycpu
		{AD2F375A-9EB4-40F0-90F5-189740277D5A}.Release|anycpu.Build.0 = Release|anycpu
	EndGlobalSection
EndGlobal
